
Microsoft Visual Studio Solution File, Format Version 12.00
# Visual Studio Version 16
VisualStudioVersion = 16.0.31702.278
MinimumVisualStudioVersion = 10.0.40219.1
Project("{9A19103F-16F7-4668-BE54-9A1E7A4F7556}") = "MinhLam.Shop.Web", "MinhLam.Shop.Web\MinhLam.Shop.Web.csproj", "{ED4A772D-474D-4E8D-A355-5C96B87E90CA}"
EndProject
Project("{FAE04EC0-301F-11D3-BF4B-00C04F79EFBC}") = "MinhLam.Shop.Data", "MinhLam.Shop.Data\MinhLam.Shop.Data.csproj", "{0A620CAD-96FB-428A-8BE8-48CC52F4A1EB}"
EndProject
Project("{FAE04EC0-301F-11D3-BF4B-00C04F79EFBC}") = "MinhLam.Shop.Application", "MinhLam.Shop.Application\MinhLam.Shop.Application.csproj", "{1B4E71A5-4092-425A-881E-BF60383736BE}"
EndProject
Global
	GlobalSection(SolutionConfigurationPlatforms) = preSolution
		Debug|Any CPU = Debug|Any CPU
		Release|Any CPU = Release|Any CPU
	EndGlobalSection
	GlobalSection(ProjectConfigurationPlatforms) = postSolution
		{ED4A772D-474D-4E8D-A355-5C96B87E90CA}.Debug|Any CPU.ActiveCfg = Debug|Any CPU
		{ED4A772D-474D-4E8D-A355-5C96B87E90CA}.Debug|Any CPU.Build.0 = Debug|Any CPU
		{ED4A772D-474D-4E8D-A355-5C96B87E90CA}.Release|Any CPU.ActiveCfg = Release|Any CPU
		{ED4A772D-474D-4E8D-A355-5C96B87E90CA}.Release|Any CPU.Build.0 = Release|Any CPU
		{0A620CAD-96FB-428A-8BE8-48CC52F4A1EB}.Debug|Any CPU.ActiveCfg = Debug|Any CPU
		{0A620CAD-96FB-428A-8BE8-48CC52F4A1EB}.Debug|Any CPU.Build.0 = Debug|Any CPU
		{0A620CAD-96FB-428A-8BE8-48CC52F4A1EB}.Release|Any CPU.ActiveCfg = Release|Any CPU
		{0A620CAD-96FB-428A-8BE8-48CC52F4A1EB}.Release|Any CPU.Build.0 = Release|Any CPU
		{1B4E71A5-4092-425A-881E-BF60383736BE}.Debug|Any CPU.ActiveCfg = Debug|Any CPU
		{1B4E71A5-4092-425A-881E-BF60383736BE}.Debug|Any CPU.Build.0 = Debug|Any CPU
		{1B4E71A5-4092-425A-881E-BF60383736BE}.Release|Any CPU.ActiveCfg = Release|Any CPU
		{1B4E71A5-4092-425A-881E-BF60383736BE}.Release|Any CPU.Build.0 = Release|Any CPU
	EndGlobalSection
	GlobalSection(SolutionProperties) = preSolution
		HideSolutionNode = FALSE
	EndGlobalSection
	GlobalSection(ExtensibilityGlobals) = postSolution
		SolutionGuid = {2E8A996F-C302-4DF0-B313-1B78BCB4CC74}
	EndGlobalSection
EndGlobal
